
Microsoft Visual Studio Solution File, Format Version 12.00
# Visual Studio 15
VisualStudioVersion = 15.0.27004.2010
MinimumVisualStudioVersion = 10.0.40219.1
Project("{2150E333-8FDC-42A3-9474-1A3956D46DE8}") = "SDK", "SDK", "{246120E3-5E1E-4CE2-98B5-D894C95DBAC4}"
EndProject
Project("{D954291E-2A0B-460D-934E-DC6B0785DB48}") = "MetaWear", "SDK\MetaWear\MetaWear.shproj", "{ECC695E9-A3AE-49DB-B66C-911AB5842D0A}"
EndProject
Project("{FAE04EC0-301F-11D3-BF4B-00C04F79EFBC}") = "MetaWear.DotNet", "SDK\MetaWear.DotNet\MetaWear.DotNet.csproj", "{0DE30138-2666-4991-A572-3B3914A53146}"
EndProject
Project("{D954291E-2A0B-460D-934E-DC6B0785DB48}") = "MetaWear.Impl", "SDK\MetaWear.Impl\MetaWear.Impl.shproj", "{28AC4A04-B008-4057-96AE-9E6482793C1C}"
EndProject
Project("{9A19103F-16F7-4668-BE54-9A1E7A4F7556}") = "MetaWear.NetStandard", "SDK\MetaWear.NetStandard\MetaWear.NetStandard\MetaWear.NetStandard.csproj", "{B38B43E0-4477-4B51-A86C-5A343F50264C}"
EndProject
Project("{D954291E-2A0B-460D-934E-DC6B0785DB48}") = "MetaWear.Platform", "SDK\MetaWear.Platform\MetaWear.Platform.shproj", "{345A43DC-B35D-4B53-B263-D0DFECCF2050}"
EndProject
Project("{FAE04EC0-301F-11D3-BF4B-00C04F79EFBC}") = "MetaWear.Test", "SDK\MetaWear.Test\MetaWear.Test.csproj", "{8B19D12F-867B-40B1-BAB9-C9BF953AD6D4}"
EndProject
Project("{FAE04EC0-301F-11D3-BF4B-00C04F79EFBC}") = "MetaWear.Uwp", "SDK\MetaWear.Uwp\MetaWear.Uwp.csproj", "{06E0C04F-2FE9-43A0-A816-A64BA57A7AA6}"
EndProject
Project("{D954291E-2A0B-460D-934E-DC6B0785DB48}") = "MetaWear.Win10", "SDK\MetaWear.Win10\MetaWear.Win10.shproj", "{272AFD1E-B093-4A4B-8F30-B51BF47D3FD5}"
EndProject
Project("{2150E333-8FDC-42A3-9474-1A3956D46DE8}") = "Sample", "Sample", "{197BC0DF-BB96-410F-8DFB-2ABB7FC2F0F3}"
EndProject
Project("{FAE04EC0-301F-11D3-BF4B-00C04F79EFBC}") = "LoggingSample", "Sample\LoggingSample\LoggingSample.csproj", "{84E56CE6-2E6B-4A7D-8D40-AD0D79BBC255}"
EndProject
Project("{FAE04EC0-301F-11D3-BF4B-00C04F79EFBC}") = "LoggingSample.Android", "Sample\LoggingSample.Android\LoggingSample.Android.csproj", "{17261808-C5DD-4627-890D-614E0C826652}"
EndProject
Project("{FAE04EC0-301F-11D3-BF4B-00C04F79EFBC}") = "LoggingSample.iOS", "Sample\LoggingSample.iOS\LoggingSample.iOS.csproj", "{6749853B-8F1B-4ABC-9A54-5F475A0B2D05}"
EndProject
Global
	GlobalSection(SharedMSBuildProjectFiles) = preSolution
		SDK\MetaWear.Impl\MetaWear.Impl.projitems*{06e0c04f-2fe9-43a0-a816-a64ba57a7aa6}*SharedItemsImports = 4
		SDK\MetaWear.Platform\MetaWear.Platform.projitems*{06e0c04f-2fe9-43a0-a816-a64ba57a7aa6}*SharedItemsImports = 4
		SDK\MetaWear.Win10\MetaWear.Win10.projitems*{06e0c04f-2fe9-43a0-a816-a64ba57a7aa6}*SharedItemsImports = 4
		SDK\MetaWear\MetaWear.projitems*{06e0c04f-2fe9-43a0-a816-a64ba57a7aa6}*SharedItemsImports = 4
		SDK\MetaWear.Impl\MetaWear.Impl.projitems*{0de30138-2666-4991-a572-3b3914a53146}*SharedItemsImports = 4
		SDK\MetaWear.Platform\MetaWear.Platform.projitems*{0de30138-2666-4991-a572-3b3914a53146}*SharedItemsImports = 4
		SDK\MetaWear.Win10\MetaWear.Win10.projitems*{0de30138-2666-4991-a572-3b3914a53146}*SharedItemsImports = 4
		SDK\MetaWear\MetaWear.projitems*{0de30138-2666-4991-a572-3b3914a53146}*SharedItemsImports = 4
		SDK\MetaWear.Win10\MetaWear.Win10.projitems*{272afd1e-b093-4a4b-8f30-b51bf47d3fd5}*SharedItemsImports = 13
		SDK\MetaWear.Impl\MetaWear.Impl.projitems*{28ac4a04-b008-4057-96ae-9e6482793c1c}*SharedItemsImports = 13
		SDK\MetaWear.Platform\MetaWear.Platform.projitems*{345a43dc-b35d-4b53-b263-d0dfeccf2050}*SharedItemsImports = 13
		SDK\MetaWear\MetaWear.projitems*{ecc695e9-a3ae-49db-b66c-911ab5842d0a}*SharedItemsImports = 13
	EndGlobalSection
	GlobalSection(SolutionConfigurationPlatforms) = preSolution
		Ad-Hoc|Any CPU = Ad-Hoc|Any CPU
		Ad-Hoc|ARM = Ad-Hoc|ARM
		Ad-Hoc|iPhone = Ad-Hoc|iPhone
		Ad-Hoc|iPhoneSimulator = Ad-Hoc|iPhoneSimulator
		Ad-Hoc|x64 = Ad-Hoc|x64
		Ad-Hoc|x86 = Ad-Hoc|x86
		AppStore|Any CPU = AppStore|Any CPU
		AppStore|ARM = AppStore|ARM
		AppStore|iPhone = AppStore|iPhone
		AppStore|iPhoneSimulator = AppStore|iPhoneSimulator
		AppStore|x64 = AppStore|x64
		AppStore|x86 = AppStore|x86
		Debug|Any CPU = Debug|Any CPU
		Debug|ARM = Debug|ARM
		Debug|iPhone = Debug|iPhone
		Debug|iPhoneSimulator = Debug|iPhoneSimulator
		Debug|x64 = Debug|x64
		Debug|x86 = Debug|x86
		Release|Any CPU = Release|Any CPU
		Release|ARM = Release|ARM
		Release|iPhone = Release|iPhone
		Release|iPhoneSimulator = Release|iPhoneSimulator
		Release|x64 = Release|x64
		Release|x86 = Release|x86
	EndGlobalSection
	GlobalSection(ProjectConfigurationPlatforms) = postSolution
		{0DE30138-2666-4991-A572-3B3914A53146}.Ad-Hoc|Any CPU.ActiveCfg = Release|Any CPU
		{0DE30138-2666-4991-A572-3B3914A53146}.Ad-Hoc|Any CPU.Build.0 = Release|Any CPU
		{0DE30138-2666-4991-A572-3B3914A53146}.Ad-Hoc|ARM.ActiveCfg = Release|Any CPU
		{0DE30138-2666-4991-A572-3B3914A53146}.Ad-Hoc|ARM.Build.0 = Release|Any CPU
		{0DE30138-2666-4991-A572-3B3914A53146}.Ad-Hoc|iPhone.ActiveCfg = Release|Any CPU
		{0DE30138-2666-4991-A572-3B3914A53146}.Ad-Hoc|iPhone.Build.0 = Release|Any CPU
		{0DE30138-2666-4991-A572-3B3914A53146}.Ad-Hoc|iPhoneSimulator.ActiveCfg = Release|Any CPU
		{0DE30138-2666-4991-A572-3B3914A53146}.Ad-Hoc|iPhoneSimulator.Build.0 = Release|Any CPU
		{0DE30138-2666-4991-A572-3B3914A53146}.Ad-Hoc|x64.ActiveCfg = Release|Any CPU
		{0DE30138-2666-4991-A572-3B3914A53146}.Ad-Hoc|x64.Build.0 = Release|Any CPU
		{0DE30138-2666-4991-A572-3B3914A53146}.Ad-Hoc|x86.ActiveCfg = Release|Any CPU
		{0DE30138-2666-4991-A572-3B3914A53146}.Ad-Hoc|x86.Build.0 = Release|Any CPU
		{0DE30138-2666-4991-A572-3B3914A53146}.AppStore|Any CPU.ActiveCfg = Release|Any CPU
		{0DE30138-2666-4991-A572-3B3914A53146}.AppStore|Any CPU.Build.0 = Release|Any CPU
		{0DE30138-2666-4991-A572-3B3914A53146}.AppStore|ARM.ActiveCfg = Release|Any CPU
		{0DE30138-2666-4991-A572-3B3914A53146}.AppStore|ARM.Build.0 = Release|Any CPU
		{0DE30138-2666-4991-A572-3B3914A53146}.AppStore|iPhone.ActiveCfg = Release|Any CPU
		{0DE30138-2666-4991-A572-3B3914A53146}.AppStore|iPhone.Build.0 = Release|Any CPU
		{0DE30138-2666-4991-A572-3B3914A53146}.AppStore|iPhoneSimulator.ActiveCfg = Release|Any CPU
		{0DE30138-2666-4991-A572-3B3914A53146}.AppStore|iPhoneSimulator.Build.0 = Release|Any CPU
		{0DE30138-2666-4991-A572-3B3914A53146}.AppStore|x64.ActiveCfg = Release|Any CPU
		{0DE30138-2666-4991-A572-3B3914A53146}.AppStore|x64.Build.0 = Release|Any CPU
		{0DE30138-2666-4991-A572-3B3914A53146}.AppStore|x86.ActiveCfg = Release|Any CPU
		{0DE30138-2666-4991-A572-3B3914A53146}.AppStore|x86.Build.0 = Release|Any CPU
		{0DE30138-2666-4991-A572-3B3914A53146}.Debug|Any CPU.ActiveCfg = Debug|Any CPU
		{0DE30138-2666-4991-A572-3B3914A53146}.Debug|Any CPU.Build.0 = Debug|Any CPU
		{0DE30138-2666-4991-A572-3B3914A53146}.Debug|ARM.ActiveCfg = Debug|Any CPU
		{0DE30138-2666-4991-A572-3B3914A53146}.Debug|ARM.Build.0 = Debug|Any CPU
		{0DE30138-2666-4991-A572-3B3914A53146}.Debug|iPhone.ActiveCfg = Debug|Any CPU
		{0DE30138-2666-4991-A572-3B3914A53146}.Debug|iPhone.Build.0 = Debug|Any CPU
		{0DE30138-2666-4991-A572-3B3914A53146}.Debug|iPhoneSimulator.ActiveCfg = Debug|Any CPU
		{0DE30138-2666-4991-A572-3B3914A53146}.Debug|iPhoneSimulator.Build.0 = Debug|Any CPU
		{0DE30138-2666-4991-A572-3B3914A53146}.Debug|x64.ActiveCfg = Debug|Any CPU
		{0DE30138-2666-4991-A572-3B3914A53146}.Debug|x64.Build.0 = Debug|Any CPU
		{0DE30138-2666-4991-A572-3B3914A53146}.Debug|x86.ActiveCfg = Debug|Any CPU
		{0DE30138-2666-4991-A572-3B3914A53146}.Debug|x86.Build.0 = Debug|Any CPU
		{0DE30138-2666-4991-A572-3B3914A53146}.Release|Any CPU.ActiveCfg = Release|Any CPU
		{0DE30138-2666-4991-A572-3B3914A53146}.Release|Any CPU.Build.0 = Release|Any CPU
		{0DE30138-2666-4991-A572-3B3914A53146}.Release|ARM.ActiveCfg = Release|Any CPU
		{0DE30138-2666-4991-A572-3B3914A53146}.Release|ARM.Build.0 = Release|Any CPU
		{0DE30138-2666-4991-A572-3B3914A53146}.Release|iPhone.ActiveCfg = Release|Any CPU
		{0DE30138-2666-4991-A572-3B3914A53146}.Release|iPhone.Build.0 = Release|Any CPU
		{0DE30138-2666-4991-A572-3B3914A53146}.Release|iPhoneSimulator.ActiveCfg = Release|Any CPU
		{0DE30138-2666-4991-A572-3B3914A53146}.Release|iPhoneSimulator.Build.0 = Release|Any CPU
		{0DE30138-2666-4991-A572-3B3914A53146}.Release|x64.ActiveCfg = Release|Any CPU
		{0DE30138-2666-4991-A572-3B3914A53146}.Release|x64.Build.0 = Release|Any CPU
		{0DE30138-2666-4991-A572-3B3914A53146}.Release|x86.ActiveCfg = Release|Any CPU
		{0DE30138-2666-4991-A572-3B3914A53146}.Release|x86.Build.0 = Release|Any CPU
		{B38B43E0-4477-4B51-A86C-5A343F50264C}.Ad-Hoc|Any CPU.ActiveCfg = Debug|Any CPU
		{B38B43E0-4477-4B51-A86C-5A343F50264C}.Ad-Hoc|Any CPU.Build.0 = Debug|Any CPU
		{B38B43E0-4477-4B51-A86C-5A343F50264C}.Ad-Hoc|ARM.ActiveCfg = Debug|Any CPU
		{B38B43E0-4477-4B51-A86C-5A343F50264C}.Ad-Hoc|ARM.Build.0 = Debug|Any CPU
		{B38B43E0-4477-4B51-A86C-5A343F50264C}.Ad-Hoc|iPhone.ActiveCfg = Debug|Any CPU
		{B38B43E0-4477-4B51-A86C-5A343F50264C}.Ad-Hoc|iPhone.Build.0 = Debug|Any CPU
		{B38B43E0-4477-4B51-A86C-5A343F50264C}.Ad-Hoc|iPhoneSimulator.ActiveCfg = Debug|Any CPU
		{B38B43E0-4477-4B51-A86C-5A343F50264C}.Ad-Hoc|iPhoneSimulator.Build.0 = Debug|Any CPU
		{B38B43E0-4477-4B51-A86C-5A343F50264C}.Ad-Hoc|x64.ActiveCfg = Debug|Any CPU
		{B38B43E0-4477-4B51-A86C-5A343F50264C}.Ad-Hoc|x64.Build.0 = Debug|Any CPU
		{B38B43E0-4477-4B51-A86C-5A343F50264C}.Ad-Hoc|x86.ActiveCfg = Debug|Any CPU
		{B38B43E0-4477-4B51-A86C-5A343F50264C}.Ad-Hoc|x86.Build.0 = Debug|Any CPU
		{B38B43E0-4477-4B51-A86C-5A343F50264C}.AppStore|Any CPU.ActiveCfg = Debug|Any CPU
		{B38B43E0-4477-4B51-A86C-5A343F50264C}.AppStore|Any CPU.Build.0 = Debug|Any CPU
		{B38B43E0-4477-4B51-A86C-5A343F50264C}.AppStore|ARM.ActiveCfg = Debug|Any CPU
		{B38B43E0-4477-4B51-A86C-5A343F50264C}.AppStore|ARM.Build.0 = Debug|Any CPU
		{B38B43E0-4477-4B51-A86C-5A343F50264C}.AppStore|iPhone.ActiveCfg = Debug|Any CPU
		{B38B43E0-4477-4B51-A86C-5A343F50264C}.AppStore|iPhone.Build.0 = Debug|Any CPU
		{B38B43E0-4477-4B51-A86C-5A343F50264C}.AppStore|iPhoneSimulator.ActiveCfg = Debug|Any CPU
		{B38B43E0-4477-4B51-A86C-5A343F50264C}.AppStore|iPhoneSimulator.Build.0 = Debug|Any CPU
		{B38B43E0-4477-4B51-A86C-5A343F50264C}.AppStore|x64.ActiveCfg = Debug|Any CPU
		{B38B43E0-4477-4B51-A86C-5A343F50264C}.AppStore|x64.Build.0 = Debug|Any CPU
		{B38B43E0-4477-4B51-A86C-5A343F50264C}.AppStore|x86.ActiveCfg = Debug|Any CPU
		{B38B43E0-4477-4B51-A86C-5A343F50264C}.AppStore|x86.Build.0 = Debug|Any CPU
		{B38B43E0-4477-4B51-A86C-5A343F50264C}.Debug|Any CPU.ActiveCfg = Debug|Any CPU
		{B38B43E0-4477-4B51-A86C-5A343F50264C}.Debug|Any CPU.Build.0 = Debug|Any CPU
		{B38B43E0-4477-4B51-A86C-5A343F50264C}.Debug|ARM.ActiveCfg = Debug|Any CPU
		{B38B43E0-4477-4B51-A86C-5A343F50264C}.Debug|ARM.Build.0 = Debug|Any CPU
		{B38B43E0-4477-4B51-A86C-5A343F50264C}.Debug|iPhone.ActiveCfg = Debug|Any CPU
		{B38B43E0-4477-4B51-A86C-5A343F50264C}.Debug|iPhone.Build.0 = Debug|Any CPU
		{B38B43E0-4477-4B51-A86C-5A343F50264C}.Debug|iPhoneSimulator.ActiveCfg = Debug|Any CPU
		{B38B43E0-4477-4B51-A86C-5A343F50264C}.Debug|iPhoneSimulator.Build.0 = Debug|Any CPU
		{B38B43E0-4477-4B51-A86C-5A343F50264C}.Debug|x64.ActiveCfg = Debug|Any CPU
		{B38B43E0-4477-4B51-A86C-5A343F50264C}.Debug|x64.Build.0 = Debug|Any CPU
		{B38B43E0-4477-4B51-A86C-5A343F50264C}.Debug|x86.ActiveCfg = Debug|Any CPU
		{B38B43E0-4477-4B51-A86C-5A343F50264C}.Debug|x86.Build.0 = Debug|Any CPU
		{B38B43E0-4477-4B51-A86C-5A343F50264C}.Release|Any CPU.ActiveCfg = Release|Any CPU
		{B38B43E0-4477-4B51-A86C-5A343F50264C}.Release|Any CPU.Build.0 = Release|Any CPU
		{B38B43E0-4477-4B51-A86C-5A343F50264C}.Release|ARM.ActiveCfg = Release|Any CPU
		{B38B43E0-4477-4B51-A86C-5A343F50264C}.Release|ARM.Build.0 = Release|Any CPU
		{B38B43E0-4477-4B51-A86C-5A343F50264C}.Release|iPhone.ActiveCfg = Release|Any CPU
		{B38B43E0-4477-4B51-A86C-5A343F50264C}.Release|iPhone.Build.0 = Release|Any CPU
		{B38B43E0-4477-4B51-A86C-5A343F50264C}.Release|iPhoneSimulator.ActiveCfg = Release|Any CPU
		{B38B43E0-4477-4B51-A86C-5A343F50264C}.Release|iPhoneSimulator.Build.0 = Release|Any CPU
		{B38B43E0-4477-4B51-A86C-5A343F50264C}.Release|x64.ActiveCfg = Release|Any CPU
		{B38B43E0-4477-4B51-A86C-5A343F50264C}.Release|x64.Build.0 = Release|Any CPU
		{B38B43E0-4477-4B51-A86C-5A343F50264C}.Release|x86.ActiveCfg = Release|Any CPU
		{B38B43E0-4477-4B51-A86C-5A343F50264C}.Release|x86.Build.0 = Release|Any CPU
		{8B19D12F-867B-40B1-BAB9-C9BF953AD6D4}.Ad-Hoc|Any CPU.ActiveCfg = Release|Any CPU
		{8B19D12F-867B-40B1-BAB9-C9BF953AD6D4}.Ad-Hoc|Any CPU.Build.0 = Release|Any CPU
		{8B19D12F-867B-40B1-BAB9-C9BF953AD6D4}.Ad-Hoc|ARM.ActiveCfg = Release|Any CPU
		{8B19D12F-867B-40B1-BAB9-C9BF953AD6D4}.Ad-Hoc|ARM.Build.0 = Release|Any CPU
		{8B19D12F-867B-40B1-BAB9-C9BF953AD6D4}.Ad-Hoc|iPhone.ActiveCfg = Release|Any CPU
		{8B19D12F-867B-40B1-BAB9-C9BF953AD6D4}.Ad-Hoc|iPhone.Build.0 = Release|Any CPU
		{8B19D12F-867B-40B1-BAB9-C9BF953AD6D4}.Ad-Hoc|iPhoneSimulator.ActiveCfg = Release|Any CPU
		{8B19D12F-867B-40B1-BAB9-C9BF953AD6D4}.Ad-Hoc|iPhoneSimulator.Build.0 = Release|Any CPU
		{8B19D12F-867B-40B1-BAB9-C9BF953AD6D4}.Ad-Hoc|x64.ActiveCfg = Release|Any CPU
		{8B19D12F-867B-40B1-BAB9-C9BF953AD6D4}.Ad-Hoc|x64.Build.0 = Release|Any CPU
		{8B19D12F-867B-40B1-BAB9-C9BF953AD6D4}.Ad-Hoc|x86.ActiveCfg = Release|Any CPU
		{8B19D12F-867B-40B1-BAB9-C9BF953AD6D4}.Ad-Hoc|x86.Build.0 = Release|Any CPU
		{8B19D12F-867B-40B1-BAB9-C9BF953AD6D4}.AppStore|Any CPU.ActiveCfg = Release|Any CPU
		{8B19D12F-867B-40B1-BAB9-C9BF953AD6D4}.AppStore|Any CPU.Build.0 = Release|Any CPU
		{8B19D12F-867B-40B1-BAB9-C9BF953AD6D4}.AppStore|ARM.ActiveCfg = Release|Any CPU
		{8B19D12F-867B-40B1-BAB9-C9BF953AD6D4}.AppStore|ARM.Build.0 = Release|Any CPU
		{8B19D12F-867B-40B1-BAB9-C9BF953AD6D4}.AppStore|iPhone.ActiveCfg = Release|Any CPU
		{8B19D12F-867B-40B1-BAB9-C9BF953AD6D4}.AppStore|iPhone.Build.0 = Release|Any CPU
		{8B19D12F-867B-40B1-BAB9-C9BF953AD6D4}.AppStore|iPhoneSimulator.ActiveCfg = Release|Any CPU
		{8B19D12F-867B-40B1-BAB9-C9BF953AD6D4}.AppStore|iPhoneSimulator.Build.0 = Release|Any CPU
		{8B19D12F-867B-40B1-BAB9-C9BF953AD6D4}.AppStore|x64.ActiveCfg = Release|Any CPU
		{8B19D12F-867B-40B1-BAB9-C9BF953AD6D4}.AppStore|x64.Build.0 = Release|Any CPU
		{8B19D12F-867B-40B1-BAB9-C9BF953AD6D4}.AppStore|x86.ActiveCfg = Release|Any CPU
		{8B19D12F-867B-40B1-BAB9-C9BF953AD6D4}.AppStore|x86.Build.0 = Release|Any CPU
		{8B19D12F-867B-40B1-BAB9-C9BF953AD6D4}.Debug|Any CPU.ActiveCfg = Debug|Any CPU
		{8B19D12F-867B-40B1-BAB9-C9BF953AD6D4}.Debug|Any CPU.Build.0 = Debug|Any CPU
		{8B19D12F-867B-40B1-BAB9-C9BF953AD6D4}.Debug|ARM.ActiveCfg = Debug|Any CPU
		{8B19D12F-867B-40B1-BAB9-C9BF953AD6D4}.Debug|ARM.Build.0 = Debug|Any CPU
		{8B19D12F-867B-40B1-BAB9-C9BF953AD6D4}.Debug|iPhone.ActiveCfg = Debug|Any CPU
		{8B19D12F-867B-40B1-BAB9-C9BF953AD6D4}.Debug|iPhone.Build.0 = Debug|Any CPU
		{8B19D12F-867B-40B1-BAB9-C9BF953AD6D4}.Debug|iPhoneSimulator.ActiveCfg = Debug|Any CPU
		{8B19D12F-867B-40B1-BAB9-C9BF953AD6D4}.Debug|iPhoneSimulator.Build.0 = Debug|Any CPU
		{8B19D12F-867B-40B1-BAB9-C9BF953AD6D4}.Debug|x64.ActiveCfg = Debug|Any CPU
		{8B19D12F-867B-40B1-BAB9-C9BF953AD6D4}.Debug|x64.Build.0 = Debug|Any CPU
		{8B19D12F-867B-40B1-BAB9-C9BF953AD6D4}.Debug|x86.ActiveCfg = Debug|Any CPU
		{8B19D12F-867B-40B1-BAB9-C9BF953AD6D4}.Debug|x86.Build.0 = Debug|Any CPU
		{8B19D12F-867B-40B1-BAB9-C9BF953AD6D4}.Release|Any CPU.ActiveCfg = Release|Any CPU
		{8B19D12F-867B-40B1-BAB9-C9BF953AD6D4}.Release|Any CPU.Build.0 = Release|Any CPU
		{8B19D12F-867B-40B1-BAB9-C9BF953AD6D4}.Release|ARM.ActiveCfg = Release|Any CPU
		{8B19D12F-867B-40B1-BAB9-C9BF953AD6D4}.Release|ARM.Build.0 = Release|Any CPU
		{8B19D12F-867B-40B1-BAB9-C9BF953AD6D4}.Release|iPhone.ActiveCfg = Release|Any CPU
		{8B19D12F-867B-40B1-BAB9-C9BF953AD6D4}.Release|iPhone.Build.0 = Release|Any CPU
		{8B19D12F-867B-40B1-BAB9-C9BF953AD6D4}.Release|iPhoneSimulator.ActiveCfg = Release|Any CPU
		{8B19D12F-867B-40B1-BAB9-C9BF953AD6D4}.Release|iPhoneSimulator.Build.0 = Release|Any CPU
		{8B19D12F-867B-40B1-BAB9-C9BF953AD6D4}.Release|x64.ActiveCfg = Release|Any CPU
		{8B19D12F-867B-40B1-BAB9-C9BF953AD6D4}.Release|x64.Build.0 = Release|Any CPU
		{8B19D12F-867B-40B1-BAB9-C9BF953AD6D4}.Release|x86.ActiveCfg = Release|Any CPU
		{8B19D12F-867B-40B1-BAB9-C9BF953AD6D4}.Release|x86.Build.0 = Release|Any CPU
		{06E0C04F-2FE9-43A0-A816-A64BA57A7AA6}.Ad-Hoc|Any CPU.ActiveCfg = Release|Any CPU
		{06E0C04F-2FE9-43A0-A816-A64BA57A7AA6}.Ad-Hoc|Any CPU.Build.0 = Release|Any CPU
		{06E0C04F-2FE9-43A0-A816-A64BA57A7AA6}.Ad-Hoc|ARM.ActiveCfg = Release|ARM
		{06E0C04F-2FE9-43A0-A816-A64BA57A7AA6}.Ad-Hoc|ARM.Build.0 = Release|ARM
		{06E0C04F-2FE9-43A0-A816-A64BA57A7AA6}.Ad-Hoc|iPhone.ActiveCfg = Release|Any CPU
		{06E0C04F-2FE9-43A0-A816-A64BA57A7AA6}.Ad-Hoc|iPhone.Build.0 = Release|Any CPU
		{06E0C04F-2FE9-43A0-A816-A64BA57A7AA6}.Ad-Hoc|iPhoneSimulator.ActiveCfg = Release|Any CPU
		{06E0C04F-2FE9-43A0-A816-A64BA57A7AA6}.Ad-Hoc|iPhoneSimulator.Build.0 = Release|Any CPU
		{06E0C04F-2FE9-43A0-A816-A64BA57A7AA6}.Ad-Hoc|x64.ActiveCfg = Release|x64
		{06E0C04F-2FE9-43A0-A816-A64BA57A7AA6}.Ad-Hoc|x64.Build.0 = Release|x64
		{06E0C04F-2FE9-43A0-A816-A64BA57A7AA6}.Ad-Hoc|x86.ActiveCfg = Release|x86
		{06E0C04F-2FE9-43A0-A816-A64BA57A7AA6}.Ad-Hoc|x86.Build.0 = Release|x86
		{06E0C04F-2FE9-43A0-A816-A64BA57A7AA6}.AppStore|Any CPU.ActiveCfg = Release|Any CPU
		{06E0C04F-2FE9-43A0-A816-A64BA57A7AA6}.AppStore|Any CPU.Build.0 = Release|Any CPU
		{06E0C04F-2FE9-43A0-A816-A64BA57A7AA6}.AppStore|ARM.ActiveCfg = Release|ARM
		{06E0C04F-2FE9-43A0-A816-A64BA57A7AA6}.AppStore|ARM.Build.0 = Release|ARM
		{06E0C04F-2FE9-43A0-A816-A64BA57A7AA6}.AppStore|iPhone.ActiveCfg = Release|Any CPU
		{06E0C04F-2FE9-43A0-A816-A64BA57A7AA6}.AppStore|iPhone.Build.0 = Release|Any CPU
		{06E0C04F-2FE9-43A0-A816-A64BA57A7AA6}.AppStore|iPhoneSimulator.ActiveCfg = Release|Any CPU
		{06E0C04F-2FE9-43A0-A816-A64BA57A7AA6}.AppStore|iPhoneSimulator.Build.0 = Release|Any CPU
		{06E0C04F-2FE9-43A0-A816-A64BA57A7AA6}.AppStore|x64.ActiveCfg = Release|x64
		{06E0C04F-2FE9-43A0-A816-A64BA57A7AA6}.AppStore|x64.Build.0 = Release|x64
		{06E0C04F-2FE9-43A0-A816-A64BA57A7AA6}.AppStore|x86.ActiveCfg = Release|x86
		{06E0C04F-2FE9-43A0-A816-A64BA57A7AA6}.AppStore|x86.Build.0 = Release|x86
		{06E0C04F-2FE9-43A0-A816-A64BA57A7AA6}.Debug|Any CPU.ActiveCfg = Debug|Any CPU
		{06E0C04F-2FE9-43A0-A816-A64BA57A7AA6}.Debug|Any CPU.Build.0 = Debug|Any CPU
		{06E0C04F-2FE9-43A0-A816-A64BA57A7AA6}.Debug|ARM.ActiveCfg = Debug|ARM
		{06E0C04F-2FE9-43A0-A816-A64BA57A7AA6}.Debug|ARM.Build.0 = Debug|ARM
		{06E0C04F-2FE9-43A0-A816-A64BA57A7AA6}.Debug|iPhone.ActiveCfg = Debug|Any CPU
		{06E0C04F-2FE9-43A0-A816-A64BA57A7AA6}.Debug|iPhone.Build.0 = Debug|Any CPU
		{06E0C04F-2FE9-43A0-A816-A64BA57A7AA6}.Debug|iPhoneSimulator.ActiveCfg = Debug|Any CPU
		{06E0C04F-2FE9-43A0-A816-A64BA57A7AA6}.Debug|iPhoneSimulator.Build.0 = Debug|Any CPU
		{06E0C04F-2FE9-43A0-A816-A64BA57A7AA6}.Debug|x64.ActiveCfg = Debug|x64
		{06E0C04F-2FE9-43A0-A816-A64BA57A7AA6}.Debug|x64.Build.0 = Debug|x64
		{06E0C04F-2FE9-43A0-A816-A64BA57A7AA6}.Debug|x86.ActiveCfg = Debug|x86
		{06E0C04F-2FE9-43A0-A816-A64BA57A7AA6}.Debug|x86.Build.0 = Debug|x86
		{06E0C04F-2FE9-43A0-A816-A64BA57A7AA6}.Release|Any CPU.ActiveCfg = Release|Any CPU
		{06E0C04F-2FE9-43A0-A816-A64BA57A7AA6}.Release|Any CPU.Build.0 = Release|Any CPU
		{06E0C04F-2FE9-43A0-A816-A64BA57A7AA6}.Release|ARM.ActiveCfg = Release|ARM
		{06E0C04F-2FE9-43A0-A816-A64BA57A7AA6}.Release|ARM.Build.0 = Release|ARM
		{06E0C04F-2FE9-43A0-A816-A64BA57A7AA6}.Release|iPhone.ActiveCfg = Release|Any CPU
		{06E0C04F-2FE9-43A0-A816-A64BA57A7AA6}.Release|iPhone.Build.0 = Release|Any CPU
		{06E0C04F-2FE9-43A0-A816-A64BA57A7AA6}.Release|iPhoneSimulator.ActiveCfg = Release|Any CPU
		{06E0C04F-2FE9-43A0-A816-A64BA57A7AA6}.Release|iPhoneSimulator.Build.0 = Release|Any CPU
		{06E0C04F-2FE9-43A0-A816-A64BA57A7AA6}.Release|x64.ActiveCfg = Release|x64
		{06E0C04F-2FE9-43A0-A816-A64BA57A7AA6}.Release|x64.Build.0 = Release|x64
		{06E0C04F-2FE9-43A0-A816-A64BA57A7AA6}.Release|x86.ActiveCfg = Release|x86
		{06E0C04F-2FE9-43A0-A816-A64BA57A7AA6}.Release|x86.Build.0 = Release|x86
		{84E56CE6-2E6B-4A7D-8D40-AD0D79BBC255}.Ad-Hoc|Any CPU.ActiveCfg = Debug|Any CPU
		{84E56CE6-2E6B-4A7D-8D40-AD0D79BBC255}.Ad-Hoc|Any CPU.Build.0 = Debug|Any CPU
		{84E56CE6-2E6B-4A7D-8D40-AD0D79BBC255}.Ad-Hoc|ARM.ActiveCfg = Debug|Any CPU
		{84E56CE6-2E6B-4A7D-8D40-AD0D79BBC255}.Ad-Hoc|ARM.Build.0 = Debug|Any CPU
		{84E56CE6-2E6B-4A7D-8D40-AD0D79BBC255}.Ad-Hoc|iPhone.ActiveCfg = Debug|Any CPU
		{84E56CE6-2E6B-4A7D-8D40-AD0D79BBC255}.Ad-Hoc|iPhone.Build.0 = Debug|Any CPU
		{84E56CE6-2E6B-4A7D-8D40-AD0D79BBC255}.Ad-Hoc|iPhoneSimulator.ActiveCfg = Debug|Any CPU
		{84E56CE6-2E6B-4A7D-8D40-AD0D79BBC255}.Ad-Hoc|iPhoneSimulator.Build.0 = Debug|Any CPU
		{84E56CE6-2E6B-4A7D-8D40-AD0D79BBC255}.Ad-Hoc|x64.ActiveCfg = Debug|Any CPU
		{84E56CE6-2E6B-4A7D-8D40-AD0D79BBC255}.Ad-Hoc|x64.Build.0 = Debug|Any CPU
		{84E56CE6-2E6B-4A7D-8D40-AD0D79BBC255}.Ad-Hoc|x86.ActiveCfg = Debug|Any CPU
		{84E56CE6-2E6B-4A7D-8D40-AD0D79BBC255}.Ad-Hoc|x86.Build.0 = Debug|Any CPU
		{84E56CE6-2E6B-4A7D-8D40-AD0D79BBC255}.AppStore|Any CPU.ActiveCfg = Debug|Any CPU
		{84E56CE6-2E6B-4A7D-8D40-AD0D79BBC255}.AppStore|Any CPU.Build.0 = Debug|Any CPU
		{84E56CE6-2E6B-4A7D-8D40-AD0D79BBC255}.AppStore|ARM.ActiveCfg = Debug|Any CPU
		{84E56CE6-2E6B-4A7D-8D40-AD0D79BBC255}.AppStore|ARM.Build.0 = Debug|Any CPU
		{84E56CE6-2E6B-4A7D-8D40-AD0D79BBC255}.AppStore|iPhone.ActiveCfg = Debug|Any CPU
		{84E56CE6-2E6B-4A7D-8D40-AD0D79BBC255}.AppStore|iPhone.Build.0 = Debug|Any CPU
		{84E56CE6-2E6B-4A7D-8D40-AD0D79BBC255}.AppStore|iPhoneSimulator.ActiveCfg = Debug|Any CPU
		{84E56CE6-2E6B-4A7D-8D40-AD0D79BBC255}.AppStore|iPhoneSimulator.Build.0 = Debug|Any CPU
		{84E56CE6-2E6B-4A7D-8D40-AD0D79BBC255}.AppStore|x64.ActiveCfg = Debug|Any CPU
		{84E56CE6-2E6B-4A7D-8D40-AD0D79BBC255}.AppStore|x64.Build.0 = Debug|Any CPU
		{84E56CE6-2E6B-4A7D-8D40-AD0D79BBC255}.AppStore|x86.ActiveCfg = Debug|Any CPU
		{84E56CE6-2E6B-4A7D-8D40-AD0D79BBC255}.AppStore|x86.Build.0 = Debug|Any CPU
		{84E56CE6-2E6B-4A7D-8D40-AD0D79BBC255}.Debug|Any CPU.ActiveCfg = Debug|Any CPU
		{84E56CE6-2E6B-4A7D-8D40-AD0D79BBC255}.Debug|Any CPU.Build.0 = Debug|Any CPU
		{84E56CE6-2E6B-4A7D-8D40-AD0D79BBC255}.Debug|ARM.ActiveCfg = Debug|Any CPU
		{84E56CE6-2E6B-4A7D-8D40-AD0D79BBC255}.Debug|ARM.Build.0 = Debug|Any CPU
		{84E56CE6-2E6B-4A7D-8D40-AD0D79BBC255}.Debug|iPhone.ActiveCfg = Debug|Any CPU
		{84E56CE6-2E6B-4A7D-8D40-AD0D79BBC255}.Debug|iPhone.Build.0 = Debug|Any CPU
		{84E56CE6-2E6B-4A7D-8D40-AD0D79BBC255}.Debug|iPhoneSimulator.ActiveCfg = Debug|Any CPU
		{84E56CE6-2E6B-4A7D-8D40-AD0D79BBC255}.Debug|iPhoneSimulator.Build.0 = Debug|Any CPU
		{84E56CE6-2E6B-4A7D-8D40-AD0D79BBC255}.Debug|x64.ActiveCfg = Debug|Any CPU
		{84E56CE6-2E6B-4A7D-8D40-AD0D79BBC255}.Debug|x64.Build.0 = Debug|Any CPU
		{84E56CE6-2E6B-4A7D-8D40-AD0D79BBC255}.Debug|x86.ActiveCfg = Debug|Any CPU
		{84E56CE6-2E6B-4A7D-8D40-AD0D79BBC255}.Debug|x86.Build.0 = Debug|Any CPU
		{84E56CE6-2E6B-4A7D-8D40-AD0D79BBC255}.Release|Any CPU.ActiveCfg = Release|Any CPU
		{84E56CE6-2E6B-4A7D-8D40-AD0D79BBC255}.Release|Any CPU.Build.0 = Release|Any CPU
		{84E56CE6-2E6B-4A7D-8D40-AD0D79BBC255}.Release|ARM.ActiveCfg = Release|Any CPU
		{84E56CE6-2E6B-4A7D-8D40-AD0D79BBC255}.Release|ARM.Build.0 = Release|Any CPU
		{84E56CE6-2E6B-4A7D-8D40-AD0D79BBC255}.Release|iPhone.ActiveCfg = Release|Any CPU
		{84E56CE6-2E6B-4A7D-8D40-AD0D79BBC255}.Release|iPhone.Build.0 = Release|Any CPU
		{84E56CE6-2E6B-4A7D-8D40-AD0D79BBC255}.Release|iPhoneSimulator.ActiveCfg = Release|Any CPU
		{84E56CE6-2E6B-4A7D-8D40-AD0D79BBC255}.Release|iPhoneSimulator.Build.0 = Release|Any CPU
		{84E56CE6-2E6B-4A7D-8D40-AD0D79BBC255}.Release|x64.ActiveCfg = Release|Any CPU
		{84E56CE6-2E6B-4A7D-8D40-AD0D79BBC255}.Release|x64.Build.0 = Release|Any CPU
		{84E56CE6-2E6B-4A7D-8D40-AD0D79BBC255}.Release|x86.ActiveCfg = Release|Any CPU
		{84E56CE6-2E6B-4A7D-8D40-AD0D79BBC255}.Release|x86.Build.0 = Release|Any CPU
		{17261808-C5DD-4627-890D-614E0C826652}.Ad-Hoc|Any CPU.ActiveCfg = Release|Any CPU
		{17261808-C5DD-4627-890D-614E0C826652}.Ad-Hoc|Any CPU.Build.0 = Release|Any CPU
		{17261808-C5DD-4627-890D-614E0C826652}.Ad-Hoc|Any CPU.Deploy.0 = Release|Any CPU
		{17261808-C5DD-4627-890D-614E0C826652}.Ad-Hoc|ARM.ActiveCfg = Release|Any CPU
		{17261808-C5DD-4627-890D-614E0C826652}.Ad-Hoc|ARM.Build.0 = Release|Any CPU
		{17261808-C5DD-4627-890D-614E0C826652}.Ad-Hoc|ARM.Deploy.0 = Release|Any CPU
		{17261808-C5DD-4627-890D-614E0C826652}.Ad-Hoc|iPhone.ActiveCfg = Release|Any CPU
		{17261808-C5DD-4627-890D-614E0C826652}.Ad-Hoc|iPhone.Build.0 = Release|Any CPU
		{17261808-C5DD-4627-890D-614E0C826652}.Ad-Hoc|iPhone.Deploy.0 = Release|Any CPU
		{17261808-C5DD-4627-890D-614E0C826652}.Ad-Hoc|iPhoneSimulator.ActiveCfg = Release|Any CPU
		{17261808-C5DD-4627-890D-614E0C826652}.Ad-Hoc|iPhoneSimulator.Build.0 = Release|Any CPU
		{17261808-C5DD-4627-890D-614E0C826652}.Ad-Hoc|iPhoneSimulator.Deploy.0 = Release|Any CPU
		{17261808-C5DD-4627-890D-614E0C826652}.Ad-Hoc|x64.ActiveCfg = Release|Any CPU
		{17261808-C5DD-4627-890D-614E0C826652}.Ad-Hoc|x64.Build.0 = Release|Any CPU
		{17261808-C5DD-4627-890D-614E0C826652}.Ad-Hoc|x64.Deploy.0 = Release|Any CPU
		{17261808-C5DD-4627-890D-614E0C826652}.Ad-Hoc|x86.ActiveCfg = Release|Any CPU
		{17261808-C5DD-4627-890D-614E0C826652}.Ad-Hoc|x86.Build.0 = Release|Any CPU
		{17261808-C5DD-4627-890D-614E0C826652}.Ad-Hoc|x86.Deploy.0 = Release|Any CPU
		{17261808-C5DD-4627-890D-614E0C826652}.AppStore|Any CPU.ActiveCfg = Release|Any CPU
		{17261808-C5DD-4627-890D-614E0C826652}.AppStore|Any CPU.Build.0 = Release|Any CPU
		{17261808-C5DD-4627-890D-614E0C826652}.AppStore|Any CPU.Deploy.0 = Release|Any CPU
		{17261808-C5DD-4627-890D-614E0C826652}.AppStore|ARM.ActiveCfg = Release|Any CPU
		{17261808-C5DD-4627-890D-614E0C826652}.AppStore|ARM.Build.0 = Release|Any CPU
		{17261808-C5DD-4627-890D-614E0C826652}.AppStore|ARM.Deploy.0 = Release|Any CPU
		{17261808-C5DD-4627-890D-614E0C826652}.AppStore|iPhone.ActiveCfg = Release|Any CPU
		{17261808-C5DD-4627-890D-614E0C826652}.AppStore|iPhone.Build.0 = Release|Any CPU
		{17261808-C5DD-4627-890D-614E0C826652}.AppStore|iPhone.Deploy.0 = Release|Any CPU
		{17261808-C5DD-4627-890D-614E0C826652}.AppStore|iPhoneSimulator.ActiveCfg = Release|Any CPU
		{17261808-C5DD-4627-890D-614E0C826652}.AppStore|iPhoneSimulator.Build.0 = Release|Any CPU
		{17261808-C5DD-4627-890D-614E0C826652}.AppStore|iPhoneSimulator.Deploy.0 = Release|Any CPU
		{17261808-C5DD-4627-890D-614E0C826652}.AppStore|x64.ActiveCfg = Release|Any CPU
		{17261808-C5DD-4627-890D-614E0C826652}.AppStore|x64.Build.0 = Release|Any CPU
		{17261808-C5DD-4627-890D-614E0C826652}.AppStore|x64.Deploy.0 = Release|Any CPU
		{17261808-C5DD-4627-890D-614E0C826652}.AppStore|x86.ActiveCfg = Release|Any CPU
		{17261808-C5DD-4627-890D-614E0C826652}.AppStore|x86.Build.0 = Release|Any CPU
		{17261808-C5DD-4627-890D-614E0C826652}.AppStore|x86.Deploy.0 = Release|Any CPU
		{17261808-C5DD-4627-890D-614E0C826652}.Debug|Any CPU.ActiveCfg = Debug|Any CPU
		{17261808-C5DD-4627-890D-614E0C826652}.Debug|Any CPU.Build.0 = Debug|Any CPU
		{17261808-C5DD-4627-890D-614E0C826652}.Debug|Any CPU.Deploy.0 = Debug|Any CPU
		{17261808-C5DD-4627-890D-614E0C826652}.Debug|ARM.ActiveCfg = Debug|Any CPU
		{17261808-C5DD-4627-890D-614E0C826652}.Debug|ARM.Build.0 = Debug|Any CPU
		{17261808-C5DD-4627-890D-614E0C826652}.Debug|ARM.Deploy.0 = Debug|Any CPU
		{17261808-C5DD-4627-890D-614E0C826652}.Debug|iPhone.ActiveCfg = Debug|Any CPU
		{17261808-C5DD-4627-890D-614E0C826652}.Debug|iPhone.Build.0 = Debug|Any CPU
		{17261808-C5DD-4627-890D-614E0C826652}.Debug|iPhone.Deploy.0 = Debug|Any CPU
		{17261808-C5DD-4627-890D-614E0C826652}.Debug|iPhoneSimulator.ActiveCfg = Debug|Any CPU
		{17261808-C5DD-4627-890D-614E0C826652}.Debug|iPhoneSimulator.Build.0 = Debug|Any CPU
		{17261808-C5DD-4627-890D-614E0C826652}.Debug|iPhoneSimulator.Deploy.0 = Debug|Any CPU
		{17261808-C5DD-4627-890D-614E0C826652}.Debug|x64.ActiveCfg = Debug|Any CPU
		{17261808-C5DD-4627-890D-614E0C826652}.Debug|x64.Build.0 = Debug|Any CPU
		{17261808-C5DD-4627-890D-614E0C826652}.Debug|x64.Deploy.0 = Debug|Any CPU
		{17261808-C5DD-4627-890D-614E0C826652}.Debug|x86.ActiveCfg = Debug|Any CPU
		{17261808-C5DD-4627-890D-614E0C826652}.Debug|x86.Build.0 = Debug|Any CPU
		{17261808-C5DD-4627-890D-614E0C826652}.Debug|x86.Deploy.0 = Debug|Any CPU
		{17261808-C5DD-4627-890D-614E0C826652}.Release|Any CPU.ActiveCfg = Release|Any CPU
		{17261808-C5DD-4627-890D-614E0C826652}.Release|Any CPU.Build.0 = Release|Any CPU
		{17261808-C5DD-4627-890D-614E0C826652}.Release|Any CPU.Deploy.0 = Release|Any CPU
		{17261808-C5DD-4627-890D-614E0C826652}.Release|ARM.ActiveCfg = Release|Any CPU
		{17261808-C5DD-4627-890D-614E0C826652}.Release|ARM.Build.0 = Release|Any CPU
		{17261808-C5DD-4627-890D-614E0C826652}.Release|ARM.Deploy.0 = Release|Any CPU
		{17261808-C5DD-4627-890D-614E0C826652}.Release|iPhone.ActiveCfg = Release|Any CPU
		{17261808-C5DD-4627-890D-614E0C826652}.Release|iPhone.Build.0 = Release|Any CPU
		{17261808-C5DD-4627-890D-614E0C826652}.Release|iPhone.Deploy.0 = Release|Any CPU
		{17261808-C5DD-4627-890D-614E0C826652}.Release|iPhoneSimulator.ActiveCfg = Release|Any CPU
		{17261808-C5DD-4627-890D-614E0C826652}.Release|iPhoneSimulator.Build.0 = Release|Any CPU
		{17261808-C5DD-4627-890D-614E0C826652}.Release|iPhoneSimulator.Deploy.0 = Release|Any CPU
		{17261808-C5DD-4627-890D-614E0C826652}.Release|x64.ActiveCfg = Release|Any CPU
		{17261808-C5DD-4627-890D-614E0C826652}.Release|x64.Build.0 = Release|Any CPU
		{17261808-C5DD-4627-890D-614E0C826652}.Release|x64.Deploy.0 = Release|Any CPU
		{17261808-C5DD-4627-890D-614E0C826652}.Release|x86.ActiveCfg = Release|Any CPU
		{17261808-C5DD-4627-890D-614E0C826652}.Release|x86.Build.0 = Release|Any CPU
		{17261808-C5DD-4627-890D-614E0C826652}.Release|x86.Deploy.0 = Release|Any CPU
		{6749853B-8F1B-4ABC-9A54-5F475A0B2D05}.Ad-Hoc|Any CPU.ActiveCfg = Ad-Hoc|iPhone
		{6749853B-8F1B-4ABC-9A54-5F475A0B2D05}.Ad-Hoc|ARM.ActiveCfg = Ad-Hoc|iPhone
		{6749853B-8F1B-4ABC-9A54-5F475A0B2D05}.Ad-Hoc|iPhone.ActiveCfg = Ad-Hoc|iPhone
		{6749853B-8F1B-4ABC-9A54-5F475A0B2D05}.Ad-Hoc|iPhone.Build.0 = Ad-Hoc|iPhone
		{6749853B-8F1B-4ABC-9A54-5F475A0B2D05}.Ad-Hoc|iPhoneSimulator.ActiveCfg = Ad-Hoc|iPhoneSimulator
		{6749853B-8F1B-4ABC-9A54-5F475A0B2D05}.Ad-Hoc|iPhoneSimulator.Build.0 = Ad-Hoc|iPhoneSimulator
		{6749853B-8F1B-4ABC-9A54-5F475A0B2D05}.Ad-Hoc|x64.ActiveCfg = Ad-Hoc|iPhone
		{6749853B-8F1B-4ABC-9A54-5F475A0B2D05}.Ad-Hoc|x86.ActiveCfg = Ad-Hoc|iPhone
		{6749853B-8F1B-4ABC-9A54-5F475A0B2D05}.AppStore|Any CPU.ActiveCfg = AppStore|iPhone
		{6749853B-8F1B-4ABC-9A54-5F475A0B2D05}.AppStore|ARM.ActiveCfg = AppStore|iPhone
		{6749853B-8F1B-4ABC-9A54-5F475A0B2D05}.AppStore|iPhone.ActiveCfg = AppStore|iPhone
		{6749853B-8F1B-4ABC-9A54-5F475A0B2D05}.AppStore|iPhone.Build.0 = AppStore|iPhone
		{6749853B-8F1B-4ABC-9A54-5F475A0B2D05}.AppStore|iPhoneSimulator.ActiveCfg = AppStore|iPhoneSimulator
		{6749853B-8F1B-4ABC-9A54-5F475A0B2D05}.AppStore|iPhoneSimulator.Build.0 = AppStore|iPhoneSimulator
		{6749853B-8F1B-4ABC-9A54-5F475A0B2D05}.AppStore|x64.ActiveCfg = AppStore|iPhone
		{6749853B-8F1B-4ABC-9A54-5F475A0B2D05}.AppStore|x86.ActiveCfg = AppStore|iPhone
		{6749853B-8F1B-4ABC-9A54-5F475A0B2D05}.Debug|Any CPU.ActiveCfg = Debug|iPhone
		{6749853B-8F1B-4ABC-9A54-5F475A0B2D05}.Debug|ARM.ActiveCfg = Debug|iPhone
		{6749853B-8F1B-4ABC-9A54-5F475A0B2D05}.Debug|iPhone.ActiveCfg = Debug|iPhone
		{6749853B-8F1B-4ABC-9A54-5F475A0B2D05}.Debug|iPhone.Build.0 = Debug|iPhone
		{6749853B-8F1B-4ABC-9A54-5F475A0B2D05}.Debug|iPhoneSimulator.ActiveCfg = Debug|iPhoneSimulator
		{6749853B-8F1B-4ABC-9A54-5F475A0B2D05}.Debug|iPhoneSimulator.Build.0 = Debug|iPhoneSimulator
		{6749853B-8F1B-4ABC-9A54-5F475A0B2D05}.Debug|x64.ActiveCfg = Debug|iPhone
		{6749853B-8F1B-4ABC-9A54-5F475A0B2D05}.Debug|x86.ActiveCfg = Debug|iPhone
		{6749853B-8F1B-4ABC-9A54-5F475A0B2D05}.Release|Any CPU.ActiveCfg = Release|iPhone
		{6749853B-8F1B-4ABC-9A54-5F475A0B2D05}.Release|ARM.ActiveCfg = Release|iPhone
		{6749853B-8F1B-4ABC-9A54-5F475A0B2D05}.Release|iPhone.ActiveCfg = Release|iPhone
		{6749853B-8F1B-4ABC-9A54-5F475A0B2D05}.Release|iPhone.Build.0 = Release|iPhone
		{6749853B-8F1B-4ABC-9A54-5F475A0B2D05}.Release|iPhoneSimulator.ActiveCfg = Release|iPhoneSimulator
		{6749853B-8F1B-4ABC-9A54-5F475A0B2D05}.Release|iPhoneSimulator.Build.0 = Release|iPhoneSimulator
		{6749853B-8F1B-4ABC-9A54-5F475A0B2D05}.Release|x64.ActiveCfg = Release|iPhone
		{6749853B-8F1B-4ABC-9A54-5F475A0B2D05}.Release|x86.ActiveCfg = Release|iPhone
	EndGlobalSection
	GlobalSection(SolutionProperties) = preSolution
		HideSolutionNode = FALSE
	EndGlobalSection
	GlobalSection(NestedProjects) = preSolution
		{ECC695E9-A3AE-49DB-B66C-911AB5842D0A} = {246120E3-5E1E-4CE2-98B5-D894C95DBAC4}
		{0DE30138-2666-4991-A572-3B3914A53146} = {246120E3-5E1E-4CE2-98B5-D894C95DBAC4}
		{28AC4A04-B008-4057-96AE-9E6482793C1C} = {246120E3-5E1E-4CE2-98B5-D894C95DBAC4}
		{B38B43E0-4477-4B51-A86C-5A343F50264C} = {246120E3-5E1E-4CE2-98B5-D894C95DBAC4}
		{345A43DC-B35D-4B53-B263-D0DFECCF2050} = {246120E3-5E1E-4CE2-98B5-D894C95DBAC4}
		{8B19D12F-867B-40B1-BAB9-C9BF953AD6D4} = {246120E3-5E1E-4CE2-98B5-D894C95DBAC4}
		{06E0C04F-2FE9-43A0-A816-A64BA57A7AA6} = {246120E3-5E1E-4CE2-98B5-D894C95DBAC4}
		{272AFD1E-B093-4A4B-8F30-B51BF47D3FD5} = {246120E3-5E1E-4CE2-98B5-D894C95DBAC4}
		{84E56CE6-2E6B-4A7D-8D40-AD0D79BBC255} = {197BC0DF-BB96-410F-8DFB-2ABB7FC2F0F3}
		{17261808-C5DD-4627-890D-614E0C826652} = {197BC0DF-BB96-410F-8DFB-2ABB7FC2F0F3}
		{6749853B-8F1B-4ABC-9A54-5F475A0B2D05} = {197BC0DF-BB96-410F-8DFB-2ABB7FC2F0F3}
	EndGlobalSection
	GlobalSection(ExtensibilityGlobals) = postSolution
		SolutionGuid = {2BBB993B-A0FF-4779-9D2B-789B2B02DAE4}
	EndGlobalSection
EndGlobal
